
Microsoft Visual Studio Solution File, Format Version 12.00
# Visual Studio Version 17
VisualStudioVersion = 17.9.34723.18
MinimumVisualStudioVersion = 10.0.40219.1
Project("{FAE04EC0-301F-11D3-BF4B-00C04F79EFBC}") = "Winform", "Actividad2\Winform.csproj", "{7CAEF64A-85B2-437D-A183-1363936FC7A5}"
EndProject
Project("{FAE04EC0-301F-11D3-BF4B-00C04F79EFBC}") = "Entidades", "Entidades\Entidades.csproj", "{EC6B6285-1525-4C7B-B87C-75ED221F73E8}"
EndProject
Project("{FAE04EC0-301F-11D3-BF4B-00C04F79EFBC}") = "Logica", "Logica\Logica.csproj", "{A9AC07B1-284D-4E25-B646-E5BDF5B44825}"
EndProject
Global
	GlobalSection(SolutionConfigurationPlatforms) = preSolution
		Debug|Any CPU = Debug|Any CPU
		Release|Any CPU = Release|Any CPU
	EndGlobalSection
	GlobalSection(ProjectConfigurationPlatforms) = postSolution
		{7CAEF64A-85B2-437D-A183-1363936FC7A5}.Debug|Any CPU.ActiveCfg = Debug|Any CPU
		{7CAEF64A-85B2-437D-A183-1363936FC7A5}.Debug|Any CPU.Build.0 = Debug|Any CPU
		{7CAEF64A-85B2-437D-A183-1363936FC7A5}.Release|Any CPU.ActiveCfg = Release|Any CPU
		{7CAEF64A-85B2-437D-A183-1363936FC7A5}.Release|Any CPU.Build.0 = Release|Any CPU
		{EC6B6285-1525-4C7B-B87C-75ED221F73E8}.Debug|Any CPU.ActiveCfg = Debug|Any CPU
		{EC6B6285-1525-4C7B-B87C-75ED221F73E8}.Debug|Any CPU.Build.0 = Debug|Any CPU
		{EC6B6285-1525-4C7B-B87C-75ED221F73E8}.Release|Any CPU.ActiveCfg = Release|Any CPU
		{EC6B6285-1525-4C7B-B87C-75ED221F73E8}.Release|Any CPU.Build.0 = Release|Any CPU
		{A9AC07B1-284D-4E25-B646-E5BDF5B44825}.Debug|Any CPU.ActiveCfg = Debug|Any CPU
		{A9AC07B1-284D-4E25-B646-E5BDF5B44825}.Debug|Any CPU.Build.0 = Debug|Any CPU
		{A9AC07B1-284D-4E25-B646-E5BDF5B44825}.Release|Any CPU.ActiveCfg = Release|Any CPU
		{A9AC07B1-284D-4E25-B646-E5BDF5B44825}.Release|Any CPU.Build.0 = Release|Any CPU
	EndGlobalSection
	GlobalSection(SolutionProperties) = preSolution
		HideSolutionNode = FALSE
	EndGlobalSection
	GlobalSection(ExtensibilityGlobals) = postSolution
		SolutionGuid = {72F585A4-6AD8-4A32-8BD0-92B2D0A4F4C7}
	EndGlobalSection
EndGlobal
